// This lockfile was autogenerated by Pants. To regenerate, run:
//
//    pants generate-lockfiles --resolve=mypy
//
// --- BEGIN PANTS LOCKFILE METADATA: DO NOT EDIT OR REMOVE ---
// {
//   "version": 3,
//   "valid_for_interpreter_constraints": [
//     "CPython>=3.10"
//   ],
//   "generated_with_requirements": [
//     "mypy==1.7.1",
//     "numpy>=1.24.4"
//   ],
//   "manylinux": "manylinux2014",
//   "requirement_constraints": [],
//   "only_binary": [],
//   "no_binary": []
// }
// --- END PANTS LOCKFILE METADATA ---

{
  "allow_builds": true,
  "allow_prereleases": false,
  "allow_wheels": true,
  "build_isolation": true,
  "constraints": [],
  "locked_resolves": [
    {
      "locked_requirements": [
        {
          "artifacts": [
            {
              "algorithm": "sha256",
              "hash": "f7c5d642db47376a0cc130f0de6d055056e010debdaf0707cd2b0fc7e7ef30ea",
              "url": "https://files.pythonhosted.org/packages/10/df/92bb67911c6c1d3faa46e4c9a5d0a93dd343dcf56022d1fb97a0c0ee65eb/mypy-1.7.1-py3-none-any.whl"
            },
            {
              "algorithm": "sha256",
              "hash": "2f7f6985d05a4e3ce8255396df363046c28bea790e40617654e91ed580ca7c51",
              "url": "https://files.pythonhosted.org/packages/10/ee/8d3add501af4905f986fc54b761b227d245b853c254e24fedda26c9152c9/mypy-1.7.1-cp311-cp311-macosx_11_0_arm64.whl"
            },
            {
              "algorithm": "sha256",
              "hash": "f2c2521a8e4d6d769e3234350ba7b65ff5d527137cdcde13ff4d99114b0c8e7d",
              "url": "https://files.pythonhosted.org/packages/29/6d/8ffee8037d5371008d729d28ae7e700984db96ed2b6b4cbcc49318b73fda/mypy-1.7.1-cp310-cp310-musllinux_1_1_x86_64.whl"
            },
            {
              "algorithm": "sha256",
              "hash": "31902408f4bf54108bbfb2e35369877c01c95adc6192958684473658c322c8a5",
              "url": "https://files.pythonhosted.org/packages/44/ae/e45078b06648e42d61461faf1070c7615fe39f904dcef741431beb410b39/mypy-1.7.1-cp310-cp310-manylinux_2_17_x86_64.manylinux2014_x86_64.whl"
            },
            {
              "algorithm": "sha256",
              "hash": "9c7ac372232c928fff0645d85f273a726970c014749b924ce5710d7d89763a28",
              "url": "https://files.pythonhosted.org/packages/67/47/5bee43b465abd613cd21fd5220a6a35547a42ce0d312c7a5e887bb11e9c2/mypy-1.7.1-cp311-cp311-musllinux_1_1_x86_64.whl"
            },
            {
              "algorithm": "sha256",
              "hash": "d9b338c19fa2412f76e17525c1b4f2c687a55b156320acb588df79f2e6fa9fea",
              "url": "https://files.pythonhosted.org/packages/83/9c/51effe3396740868649364ebea5001c694af29ec891bc90aae6944886c45/mypy-1.7.1-cp312-cp312-musllinux_1_1_x86_64.whl"
            },
            {
              "algorithm": "sha256",
              "hash": "6dbdec441c60699288adf051f51a5d512b0d818526d1dcfff5a41f8cd8b4aaf1",
              "url": "https://files.pythonhosted.org/packages/88/43/2a04b1cc1a27b1fe623cae9c6840f333e47422598a3556d3824a07d8c2c4/mypy-1.7.1-cp312-cp312-macosx_10_9_x86_64.whl"
            },
            {
              "algorithm": "sha256",
              "hash": "1484b8fa2c10adf4474f016e09d7a159602f3239075c7bf9f1627f5acf40ad49",
              "url": "https://files.pythonhosted.org/packages/a6/8c/034b199b5b07cfa1adbe3b629fced2549cbb1b95919de7a3bd3b349ad425/mypy-1.7.1-cp310-cp310-macosx_11_0_arm64.whl"
            },
            {
              "algorithm": "sha256",
              "hash": "fcb6d9afb1b6208b4c712af0dafdc650f518836065df0d4fb1d800f5d6773db2",
              "url": "https://files.pythonhosted.org/packages/ae/30/05a7c016431b3fdbaf0bcf663aee7c5e4b3d2293cd4e0568140cecae4967/mypy-1.7.1.tar.gz"
            },
            {
              "algorithm": "sha256",
              "hash": "944bdc21ebd620eafefc090cdf83158393ec2b1391578359776c00de00e8907a",
              "url": "https://files.pythonhosted.org/packages/af/9a/ad4b219cf27496653c2312407d6a47593f25f5b53e2d163ade5961cac78c/mypy-1.7.1-cp311-cp311-manylinux_2_17_x86_64.manylinux2014_x86_64.whl"
            },
            {
              "algorithm": "sha256",
              "hash": "2c6e4464ed5f01dc44dc9821caf67b60a4e5c3b04278286a85c067010653a0eb",
              "url": "https://files.pythonhosted.org/packages/b6/ab/39f476f18a45b2a74b38722107ac5c8e50a5ee41f39f7ac46ac50caa630e/mypy-1.7.1-cp312-cp312-manylinux_2_17_x86_64.manylinux2014_x86_64.whl"
            },
            {
              "algorithm": "sha256",
              "hash": "4fc3d14ee80cd22367caaaf6e014494415bf440980a3045bf5045b525680ac33",
              "url": "https://files.pythonhosted.org/packages/cc/b7/5ae852edccf9eba4d71b3df212928f15759142894a4bb84c1d3cb0ade729/mypy-1.7.1-cp312-cp312-macosx_11_0_arm64.whl"
            },
            {
              "algorithm": "sha256",
              "hash": "4b901927f16224d0d143b925ce9a4e6b3a758010673eeded9b748f250cf4e8f7",
              "url": "https://files.pythonhosted.org/packages/e1/c6/99b845e9eaf7290ff6bdab40e3bbbb5134bebfa56ca622003c24596325c7/mypy-1.7.1-cp311-cp311-macosx_10_9_x86_64.whl"
            },
            {
              "algorithm": "sha256",
              "hash": "12cce78e329838d70a204293e7b29af9faa3ab14899aec397798a4b41be7f340",
              "url": "https://files.pythonhosted.org/packages/ea/a1/4d821de78ad8c78b2e159359faabd70cc85dcccb0f1c9cd71d5ea5ae332a/mypy-1.7.1-cp310-cp310-macosx_10_9_x86_64.whl"
            }
          ],
          "project_name": "mypy",
          "requires_dists": [
            "lxml; extra == \"reports\"",
            "mypy-extensions>=1.0.0",
            "pip; extra == \"install-types\"",
            "psutil>=4.0; extra == \"dmypy\"",
            "setuptools>=50; extra == \"mypyc\"",
            "tomli>=1.1.0; python_version < \"3.11\"",
            "typing-extensions>=4.1.0"
          ],
          "requires_python": ">=3.8",
          "version": "1.7.1"
        },
        {
          "artifacts": [
            {
              "algorithm": "sha256",
              "hash": "4392f6c0eb8a5668a69e23d168ffa70f0be9ccfd32b5cc2d26a34ae5b844552d",
              "url": "https://files.pythonhosted.org/packages/2a/e2/5d3f6ada4297caebe1a2add3b126fe800c96f56dbe5d1988a2cbe0b267aa/mypy_extensions-1.0.0-py3-none-any.whl"
            },
            {
              "algorithm": "sha256",
              "hash": "75dbf8955dc00442a438fc4d0666508a9a97b6bd41aa2f0ffe9d2f2725af0782",
              "url": "https://files.pythonhosted.org/packages/98/a4/1ab47638b92648243faf97a5aeb6ea83059cc3624972ab6b8d2316078d3f/mypy_extensions-1.0.0.tar.gz"
            }
          ],
          "project_name": "mypy-extensions",
          "requires_dists": [],
          "requires_python": ">=3.5",
          "version": "1.0.0"
        },
        {
          "artifacts": [
            {
              "algorithm": "sha256",
              "hash": "1dda2e7b4ec9dd512f84935c5f126c8bd8b9f2fc001e9f54af255e8c5f16b0e0",
              "url": "https://files.pythonhosted.org/packages/76/8c/2ba3902e1a0fc1c74962ea9bb33a534bb05984ad7ff9515bf8d07527cadd/numpy-1.26.4-cp312-cp312-musllinux_1_1_x86_64.whl"
            },
            {
              "algorithm": "sha256",
              "hash": "96ff0b2ad353d8f990b63294c8986f1ec3cb19d749234014f4e7eb0112ceba5a",
              "url": "https://files.pythonhosted.org/packages/09/bf/2b1aaf8f525f2923ff6cfcf134ae5e750e279ac65ebf386c75a0cf6da06a/numpy-1.26.4-cp311-cp311-musllinux_1_1_aarch64.whl"
            },
            {
              "algorithm": "sha256",
              "hash": "675d61ffbfa78604709862923189bad94014bef562cc35cf61d3a07bba02a7ed",
              "url": "https://files.pythonhosted.org/packages/0f/50/de23fde84e45f5c4fda2488c759b69990fd4512387a8632860f3ac9cd225/numpy-1.26.4-cp312-cp312-manylinux_2_17_x86_64.manylinux2014_x86_64.whl"
            },
            {
              "algorithm": "sha256",
              "hash": "4c66707fabe114439db9068ee468c26bbdf909cac0fb58686a42a24de1760c71",
              "url": "https://files.pythonhosted.org/packages/11/57/baae43d14fe163fa0e4c47f307b6b2511ab8d7d30177c491960504252053/numpy-1.26.4-cp311-cp311-macosx_10_9_x86_64.whl"
            },
            {
              "algorithm": "sha256",
              "hash": "edd8b5fe47dab091176d21bb6de568acdd906d1887a4584a15a9a96a1dca06ef",
              "url": "https://files.pythonhosted.org/packages/1a/2e/151484f49fd03944c4a3ad9c418ed193cfd02724e138ac8a9505d056c582/numpy-1.26.4-cp311-cp311-macosx_11_0_arm64.whl"
            },
            {
              "algorithm": "sha256",
              "hash": "2e4ee3380d6de9c9ec04745830fd9e2eccb3e6cf790d39d7b98ffd19b0dd754a",
              "url": "https://files.pythonhosted.org/packages/20/f7/b24208eba89f9d1b58c1668bc6c8c4fd472b20c45573cb767f59d49fb0f6/numpy-1.26.4-cp310-cp310-macosx_11_0_arm64.whl"
            },
            {
              "algorithm": "sha256",
              "hash": "62b8e4b1e28009ef2846b4c7852046736bab361f7aeadeb6a5b89ebec3c7055a",
              "url": "https://files.pythonhosted.org/packages/24/03/6f229fe3187546435c4f6f89f6d26c129d4f5bed40552899fcf1f0bf9e50/numpy-1.26.4-cp310-cp310-musllinux_1_1_aarch64.whl"
            },
            {
              "algorithm": "sha256",
              "hash": "a4abb4f9001ad2858e7ac189089c42178fcce737e4169dc61321660f1a96c7d2",
              "url": "https://files.pythonhosted.org/packages/39/fe/39ada9b094f01f5a35486577c848fe274e374bbf8d8f472e1423a0bbd26d/numpy-1.26.4-cp310-cp310-musllinux_1_1_x86_64.whl"
            },
            {
              "algorithm": "sha256",
              "hash": "666dbfb6ec68962c033a450943ded891bed2d54e6755e35e5835d63f4f6931d5",
              "url": "https://files.pythonhosted.org/packages/3a/d0/edc009c27b406c4f9cbc79274d6e46d634d139075492ad055e3d68445925/numpy-1.26.4-cp311-cp311-manylinux_2_17_x86_64.manylinux2014_x86_64.whl"
            },
            {
              "algorithm": "sha256",
              "hash": "ffa75af20b44f8dba823498024771d5ac50620e6915abac414251bd971b4529f",
              "url": "https://files.pythonhosted.org/packages/4b/d7/ecf66c1cd12dc28b4040b15ab4d17b773b87fa9d29ca16125de01adb36cd/numpy-1.26.4-cp310-cp310-manylinux_2_17_x86_64.manylinux2014_x86_64.whl"
            },
            {
              "algorithm": "sha256",
              "hash": "ab47dbe5cc8210f55aa58e4805fe224dac469cde56b9f731a4c098b91917159a",
              "url": "https://files.pythonhosted.org/packages/4c/0c/9c603826b6465e82591e05ca230dfc13376da512b25ccd0894709b054ed0/numpy-1.26.4-cp312-cp312-musllinux_1_1_aarch64.whl"
            },
            {
              "algorithm": "sha256",
              "hash": "2a02aba9ed12e4ac4eb3ea9421c420301a0c6460d9830d74a9df87efa4912010",
              "url": "https://files.pythonhosted.org/packages/65/6e/09db70a523a96d25e115e71cc56a6f9031e7b8cd166c1ac8438307c14058/numpy-1.26.4.tar.gz"
            },
            {
              "algorithm": "sha256",
              "hash": "03a8c78d01d9781b28a6989f6fa1bb2c4f2d51201cf99d3dd875df6fbd96b23b",
              "url": "https://files.pythonhosted.org/packages/75/5b/ca6c8bd14007e5ca171c7c03102d17b4f4e0ceb53957e8c44343a9546dcc/numpy-1.26.4-cp312-cp312-macosx_11_0_arm64.whl"
            },
            {
              "algorithm": "sha256",
              "hash": "7ab55401287bfec946ced39700c053796e7cc0e3acbef09993a9ad2adba6ca6e",
              "url": "https://files.pythonhosted.org/packages/79/ae/7e5b85136806f9dadf4878bf73cf223fe5c2636818ba3ab1c585d0403164/numpy-1.26.4-cp311-cp311-manylinux_2_17_aarch64.manylinux2014_aarch64.whl"
            },
            {
              "algorithm": "sha256",
              "hash": "9fad7dcb1aac3c7f0584a5a8133e3a43eeb2fe127f47e3632d43d677c66c102b",
              "url": "https://files.pythonhosted.org/packages/79/f8/97f10e6755e2a7d027ca783f63044d5b1bc1ae7acb12afe6a9b4286eac17/numpy-1.26.4-cp312-cp312-manylinux_2_17_aarch64.manylinux2014_aarch64.whl"
            },
            {
              "algorithm": "sha256",
              "hash": "b3ce300f3644fb06443ee2222c2201dd3a89ea6040541412b8fa189341847218",
              "url": "https://files.pythonhosted.org/packages/95/12/8f2020a8e8b8383ac0177dc9570aad031a3beb12e38847f7129bacd96228/numpy-1.26.4-cp312-cp312-macosx_10_9_x86_64.whl"
            },
            {
              "algorithm": "sha256",
              "hash": "9ff0f4f29c51e2803569d7a51c2304de5554655a60c5d776e35b4a41413830d0",
              "url": "https://files.pythonhosted.org/packages/a7/94/ace0fdea5241a27d13543ee117cbc65868e82213fb31a8eb7fe9ff23f313/numpy-1.26.4-cp310-cp310-macosx_10_9_x86_64.whl"
            },
            {
              "algorithm": "sha256",
              "hash": "60dedbb91afcbfdc9bc0b1f3f402804070deed7392c23eb7a7f07fa857868e8a",
              "url": "https://files.pythonhosted.org/packages/df/a0/4e0f14d847cfc2a633a1c8621d00724f3206cfeddeb66d35698c4e2cf3d2/numpy-1.26.4-cp311-cp311-musllinux_1_1_x86_64.whl"
            },
            {
              "algorithm": "sha256",
              "hash": "d209d8969599b27ad20994c8e41936ee0964e6da07478d6c35016bc386b66ad4",
              "url": "https://files.pythonhosted.org/packages/fc/a5/4beee6488160798683eed5bdb7eead455892c3b4e1f78d79d8d3f3b084ac/numpy-1.26.4-cp310-cp310-manylinux_2_17_aarch64.manylinux2014_aarch64.whl"
            }
          ],
          "project_name": "numpy",
          "requires_dists": [],
          "requires_python": ">=3.9",
          "version": "1.26.4"
        },
        {
          "artifacts": [
            {
              "algorithm": "sha256",
              "hash": "939de3e7a6161af0c887ef91b7d41a53e7c5a1ca976325f429cb46ea9bc30ecc",
              "url": "https://files.pythonhosted.org/packages/97/75/10a9ebee3fd790d20926a90a2547f0bf78f371b2f13aa822c759680ca7b9/tomli-2.0.1-py3-none-any.whl"
            },
            {
              "algorithm": "sha256",
              "hash": "de526c12914f0c550d15924c62d72abc48d6fe7364aa87328337a31007fe8a4f",
              "url": "https://files.pythonhosted.org/packages/c0/3f/d7af728f075fb08564c5949a9c95e44352e23dee646869fa104a3b2060a3/tomli-2.0.1.tar.gz"
            }
          ],
          "project_name": "tomli",
          "requires_dists": [],
          "requires_python": ">=3.7",
          "version": "2.0.1"
        },
        {
          "artifacts": [
            {
              "algorithm": "sha256",
              "hash": "69b1a937c3a517342112fb4c6df7e72fc39a38e7891a5730ed4985b5214b5475",
              "url": "https://files.pythonhosted.org/packages/f9/de/dc04a3ea60b22624b51c703a84bbe0184abcd1d0b9bc8074b5d6b7ab90bb/typing_extensions-4.10.0-py3-none-any.whl"
            },
            {
              "algorithm": "sha256",
              "hash": "b0abd7c89e8fb96f98db18d86106ff1d90ab692004eb746cf6eda2682f91b3cb",
              "url": "https://files.pythonhosted.org/packages/16/3a/0d26ce356c7465a19c9ea8814b960f8a36c3b0d07c323176620b7b483e44/typing_extensions-4.10.0.tar.gz"
            }
          ],
          "project_name": "typing-extensions",
          "requires_dists": [],
          "requires_python": ">=3.8",
          "version": "4.10.0"
        }
      ],
      "platform_tag": null
    }
  ],
  "path_mappings": {},
  "pex_version": "2.1.137",
  "pip_version": "23.1.2",
  "prefer_older_binary": false,
  "requirements": [
    "mypy==1.7.1",
    "numpy>=1.24.4"
  ],
  "requires_python": [
    ">=3.10"
  ],
  "resolver_version": "pip-2020-resolver",
  "style": "universal",
  "target_systems": [
    "linux",
    "mac"
  ],
  "transitive": true,
  "use_pep517": null
}
